# THIS IS AN AUTOGENERATED FILE. DO NOT EDIT THIS FILE DIRECTLY.
# yarn lockfile v1


"@lukeed/csprng@^1.0.0":
  version "1.1.0"
  resolved "https://registry.npmjs.org/@lukeed/csprng/-/csprng-1.1.0.tgz#1e3e4bd05c1cc7a0b2ddbd8a03f39f6e4b5e6cfe"
  integrity sha512-Z7C/xXCiGWsg0KuKsHTKJxbWhpI3Vs5GwLfOean7MGyVFGqdRgBbAjOCh6u4bbjPc/8MJ2pZmK/0DLdCbivLDA==

"@nestjs/axios@^3.0.1":
  version "3.0.1"
  resolved "https://registry.npmjs.org/@nestjs/axios/-/axios-3.0.1.tgz#b006f81dd54a49def92cfaf9a8970434567e75ce"
  integrity sha512-VlOZhAGDmOoFdsmewn8AyClAdGpKXQQaY1+3PGB+g6ceurGIdTxZgRX3VXc1T6Zs60PedWjg3A82TDOB05mrzQ==

"@nestjs/common@^10.3.1":
  version "10.3.1"
  resolved "https://registry.npmjs.org/@nestjs/common/-/common-10.3.1.tgz#7aa5a0ffbd0123533adc1cfee8fd184b74bc2fc1"
  integrity sha512-YuxeIlVemVQCuXMkNbBpNlmwZgp/Cu6dwCOjki63mhyYHEFX48GNNA4zZn5MFRjF4h7VSceABsScROuzsxs9LA==
  dependencies:
    uid "2.0.2"
    iterare "1.2.1"
    tslib "2.6.2"

iterare@1.2.1:
  version "1.2.1"
  resolved "https://registry.npmjs.org/iterare/-/iterare-1.2.1.tgz#139c400ff7363690e33abffa33cbba8920f00042"
  integrity sha512-RKYVTCjAnRthyJes037NX/IiqeidgN1xc3j1RjFfECFp28A1GVwK9nA+i0rJPaHqSZwygLzRnFlzUuHFoWWy+Q==

node-cron@^3.0.3:
  version "3.0.3"
  resolved "https://registry.npmjs.org/node-cron/-/node-cron-3.0.3.tgz#c4bc7173dd96d96c50bdb51122c64415458caff2"
  integrity sha512-dOal67//nohNgYWb+nWmg5dkFdIwDm8EpeGYMekPMrngV3637lqnX0lbUcCtgibHTz6SEz7DAIjKvKDFYCnO1A==
  dependencies:
    uuid "8.3.2"

tslib@2.6.2, tslib@^2.3.0:
  version "2.6.2"
  resolved "https://registry.npmjs.org/tslib/-/tslib-2.6.2.tgz#703ac29425e7b37cd6fd456e92404d46d1f3e4ae"
  integrity sha512-AEYxH93jGFPn/a2iVAwW87VuUIkR1FVUKB77NwMF7nBTDkDrrT/Hpt/IrCJ0QXhW27jTBDcf5ZY7w6RiqTMw2Q==

uid@2.0.2:
  version "2.0.2"
  resolved "https://registry.npmjs.org/uid/-/uid-2.0.2.tgz#4b5782abf0f2feeefc00fa88006b2b3b7af3e3b9"
  integrity sha512-u3xV3X7uzvi5b1MncmZo3i2Aw222Zk1keqLA1YkHldREkAhAqi65wuPfe7lHx8H/Wzy+8CE7S7uS3jekIM5s8g==
  dependencies:
    "@lukeed/csprng" "^1.0.0"

uuid@8.3.2:
  version "8.3.2"
  resolved "https://registry.npmjs.org/uuid/-/uuid-8.3.2.tgz#80d5b5ced271bb9af6c445f21a1a04c606cefbe2"
  integrity sha512-+NYs2QeMWy+GWFOEm9xnn6HCDp0l7QBD7ml8zLUmJ+93Q5NF0NocErnwkTkXVFNiX3/fpC6afS8Dhb/gz7R7eg==
